
Microsoft Visual Studio Solution File, Format Version 12.00
# Visual Studio 15
VisualStudioVersion = 15.0.28010.2016
MinimumVisualStudioVersion = 10.0.40219.1
Project("{FAE04EC0-301F-11D3-BF4B-00C04F79EFBC}") = "Kursus03a", "ConsoleApp1\Kursus03a.csproj", "{178F676A-EE4E-4F38-87EB-873C72E2F45A}"
EndProject
Project("{FAE04EC0-301F-11D3-BF4B-00C04F79EFBC}") = "Kursus03b", "Kursus03b\Kursus03b.csproj", "{22B09CF8-7630-4386-A16F-4BE68DA8D77B}"
EndProject
Project("{FAE04EC0-301F-11D3-BF4B-00C04F79EFBC}") = "Kursus03c", "Kursus03c\Kursus03c.csproj", "{C7EE5961-9343-4C07-AB99-2562C74A1925}"
EndProject
Project("{FAE04EC0-301F-11D3-BF4B-00C04F79EFBC}") = "Kursus03d", "Kursus03d\Kursus03d.csproj", "{5E40B3EE-668C-40F8-B0A2-130E644F529E}"
EndProject
Global
	GlobalSection(SolutionConfigurationPlatforms) = preSolution
		Debug|Any CPU = Debug|Any CPU
		Release|Any CPU = Release|Any CPU
	EndGlobalSection
	GlobalSection(ProjectConfigurationPlatforms) = postSolution
		{178F676A-EE4E-4F38-87EB-873C72E2F45A}.Debug|Any CPU.ActiveCfg = Debug|Any CPU
		{178F676A-EE4E-4F38-87EB-873C72E2F45A}.Debug|Any CPU.Build.0 = Debug|Any CPU
		{178F676A-EE4E-4F38-87EB-873C72E2F45A}.Release|Any CPU.ActiveCfg = Release|Any CPU
		{178F676A-EE4E-4F38-87EB-873C72E2F45A}.Release|Any CPU.Build.0 = Release|Any CPU
		{22B09CF8-7630-4386-A16F-4BE68DA8D77B}.Debug|Any CPU.ActiveCfg = Debug|Any CPU
		{22B09CF8-7630-4386-A16F-4BE68DA8D77B}.Debug|Any CPU.Build.0 = Debug|Any CPU
		{22B09CF8-7630-4386-A16F-4BE68DA8D77B}.Release|Any CPU.ActiveCfg = Release|Any CPU
		{22B09CF8-7630-4386-A16F-4BE68DA8D77B}.Release|Any CPU.Build.0 = Release|Any CPU
		{C7EE5961-9343-4C07-AB99-2562C74A1925}.Debug|Any CPU.ActiveCfg = Debug|Any CPU
		{C7EE5961-9343-4C07-AB99-2562C74A1925}.Debug|Any CPU.Build.0 = Debug|Any CPU
		{C7EE5961-9343-4C07-AB99-2562C74A1925}.Release|Any CPU.ActiveCfg = Release|Any CPU
		{C7EE5961-9343-4C07-AB99-2562C74A1925}.Release|Any CPU.Build.0 = Release|Any CPU
		{5E40B3EE-668C-40F8-B0A2-130E644F529E}.Debug|Any CPU.ActiveCfg = Debug|Any CPU
		{5E40B3EE-668C-40F8-B0A2-130E644F529E}.Debug|Any CPU.Build.0 = Debug|Any CPU
		{5E40B3EE-668C-40F8-B0A2-130E644F529E}.Release|Any CPU.ActiveCfg = Release|Any CPU
		{5E40B3EE-668C-40F8-B0A2-130E644F529E}.Release|Any CPU.Build.0 = Release|Any CPU
	EndGlobalSection
	GlobalSection(SolutionProperties) = preSolution
		HideSolutionNode = FALSE
	EndGlobalSection
	GlobalSection(ExtensibilityGlobals) = postSolution
		SolutionGuid = {409FC64D-5399-47B0-AF61-A2C4B770E93E}
	EndGlobalSection
EndGlobal
